version = 1
revision = 3
requires-python = ">=3.12"

[[package]]
name = "annotated-types"
version = "0.7.0"
source = { registry = "https://mirrors.cloud.tencent.com/pypi/simple/" }
sdist = { url = "https://mirrors.cloud.tencent.com/pypi/packages/ee/67/531ea369ba64dcff5ec9c3402f9f51bf748cec26dde048a2f973a4eea7f5/annotated_types-0.7.0.tar.gz", hash = "sha256:aff07c09a53a08bc8cfccb9c85b05f1aa9a2a6f23728d790723543408344ce89" }
wheels = [
    { url = "https://mirrors.cloud.tencent.com/pypi/packages/78/b6/6307fbef88d9b5ee7421e68d78a9f162e0da4900bc5f5793f6d3d0e34fb8/annotated_types-0.7.0-py3-none-any.whl", hash = "sha256:1f02e8b43a8fbbc3f3e0d4f0f4bfc8131bcb4eebe8849b8e5c773f3a1c582a53" },
]

[[package]]
name = "anyio"
version = "4.9.0"
source = { registry = "https://mirrors.cloud.tencent.com/pypi/simple/" }
dependencies = [
    { name = "idna" },
    { name = "sniffio" },
    { name = "typing-extensions", marker = "python_full_version < '3.13'" },
]
sdist = { url = "https://mirrors.cloud.tencent.com/pypi/packages/95/7d/4c1bd541d4dffa1b52bd83fb8527089e097a106fc90b467a7313b105f840/anyio-4.9.0.tar.gz", hash = "sha256:673c0c244e15788651a4ff38710fea9675823028a6f08a5eda409e0c9840a028" }
wheels = [
    { url = "https://mirrors.cloud.tencent.com/pypi/packages/a1/ee/48ca1a7c89ffec8b6a0c5d02b89c305671d5ffd8d3c94acf8b8c408575bb/anyio-4.9.0-py3-none-any.whl", hash = "sha256:9f76d541cad6e36af7beb62e978876f3b41e3e04f2c1fbf0884604c0a9c4d93c" },
]

[[package]]
name = "certifi"
version = "2025.1.31"
source = { registry = "https://mirrors.cloud.tencent.com/pypi/simple/" }
sdist = { url = "https://mirrors.cloud.tencent.com/pypi/packages/1c/ab/c9f1e32b7b1bf505bf26f0ef697775960db7932abeb7b516de930ba2705f/certifi-2025.1.31.tar.gz", hash = "sha256:3d5da6925056f6f18f119200434a4780a94263f10d1c21d032a6f6b2baa20651" }
wheels = [
    { url = "https://mirrors.cloud.tencent.com/pypi/packages/38/fc/bce832fd4fd99766c04d1ee0eead6b0ec6486fb100ae5e74c1d91292b982/certifi-2025.1.31-py3-none-any.whl", hash = "sha256:ca78db4565a652026a4db2bcdf68f2fb589ea80d0be70e03929ed730746b84fe" },
]

[[package]]
name = "charset-normalizer"
version = "3.4.3"
source = { registry = "https://mirrors.cloud.tencent.com/pypi/simple/" }
sdist = { url = "https://mirrors.cloud.tencent.com/pypi/packages/83/2d/5fd176ceb9b2fc619e63405525573493ca23441330fcdaee6bef9460e924/charset_normalizer-3.4.3.tar.gz", hash = "sha256:6fce4b8500244f6fcb71465d4a4930d132ba9ab8e71a7859e6a5d59851068d14" }
wheels = [
    { url = "https://mirrors.cloud.tencent.com/pypi/packages/e9/5e/14c94999e418d9b87682734589404a25854d5f5d0408df68bc15b6ff54bb/charset_normalizer-3.4.3-cp312-cp312-macosx_10_13_universal2.whl", hash = "sha256:e28e334d3ff134e88989d90ba04b47d84382a828c061d0d1027b1b12a62b39b1" },
    { url = "https://mirrors.cloud.tencent.com/pypi/packages/7d/a8/c6ec5d389672521f644505a257f50544c074cf5fc292d5390331cd6fc9c3/charset_normalizer-3.4.3-cp312-cp312-manylinux2014_aarch64.manylinux_2_17_aarch64.manylinux_2_28_aarch64.whl", hash = "sha256:0cacf8f7297b0c4fcb74227692ca46b4a5852f8f4f24b3c766dd94a1075c4884" },
    { url = "https://mirrors.cloud.tencent.com/pypi/packages/fc/eb/a2ffb08547f4e1e5415fb69eb7db25932c52a52bed371429648db4d84fb1/charset_normalizer-3.4.3-cp312-cp312-manylinux2014_ppc64le.manylinux_2_17_ppc64le.manylinux_2_28_ppc64le.whl", hash = "sha256:c6fd51128a41297f5409deab284fecbe5305ebd7e5a1f959bee1c054622b7018" },
    { url = "https://mirrors.cloud.tencent.com/pypi/packages/82/10/0fd19f20c624b278dddaf83b8464dcddc2456cb4b02bb902a6da126b87a1/charset_normalizer-3.4.3-cp312-cp312-manylinux2014_s390x.manylinux_2_17_s390x.manylinux_2_28_s390x.whl", hash = "sha256:3cfb2aad70f2c6debfbcb717f23b7eb55febc0bb23dcffc0f076009da10c6392" },
    { url = "https://mirrors.cloud.tencent.com/pypi/packages/16/ab/0233c3231af734f5dfcf0844aa9582d5a1466c985bbed6cedab85af9bfe3/charset_normalizer-3.4.3-cp312-cp312-manylinux2014_x86_64.manylinux_2_17_x86_64.manylinux_2_28_x86_64.whl", hash = "sha256:1606f4a55c0fd363d754049cdf400175ee96c992b1f8018b993941f221221c5f" },
    { url = "https://mirrors.cloud.tencent.com/pypi/packages/ae/02/e29e22b4e02839a0e4a06557b1999d0a47db3567e82989b5bb21f3fbbd9f/charset_normalizer-3.4.3-cp312-cp312-musllinux_1_2_aarch64.whl", hash = "sha256:027b776c26d38b7f15b26a5da1044f376455fb3766df8fc38563b4efbc515154" },
    { url = "https://mirrors.cloud.tencent.com/pypi/packages/05/6b/e2539a0a4be302b481e8cafb5af8792da8093b486885a1ae4d15d452bcec/charset_normalizer-3.4.3-cp312-cp312-musllinux_1_2_ppc64le.whl", hash = "sha256:42e5088973e56e31e4fa58eb6bd709e42fc03799c11c42929592889a2e54c491" },
    { url = "https://mirrors.cloud.tencent.com/pypi/packages/31/e7/883ee5676a2ef217a40ce0bffcc3d0dfbf9e64cbcfbdf822c52981c3304b/charset_normalizer-3.4.3-cp312-cp312-musllinux_1_2_s390x.whl", hash = "sha256:cc34f233c9e71701040d772aa7490318673aa7164a0efe3172b2981218c26d93" },
    { url = "https://mirrors.cloud.tencent.com/pypi/packages/c1/35/6525b21aa0db614cf8b5792d232021dca3df7f90a1944db934efa5d20bb1/charset_normalizer-3.4.3-cp312-cp312-musllinux_1_2_x86_64.whl", hash = "sha256:320e8e66157cc4e247d9ddca8e21f427efc7a04bbd0ac8a9faf56583fa543f9f" },
    { url = "https://mirrors.cloud.tencent.com/pypi/packages/50/ee/f4704bad8201de513fdc8aac1cabc87e38c5818c93857140e06e772b5892/charset_normalizer-3.4.3-cp312-cp312-win32.whl", hash = "sha256:fb6fecfd65564f208cbf0fba07f107fb661bcd1a7c389edbced3f7a493f70e37" },
    { url = "https://mirrors.cloud.tencent.com/pypi/packages/39/f5/3b3836ca6064d0992c58c7561c6b6eee1b3892e9665d650c803bd5614522/charset_normalizer-3.4.3-cp312-cp312-win_amd64.whl", hash = "sha256:86df271bf921c2ee3818f0522e9a5b8092ca2ad8b065ece5d7d9d0e9f4849bcc" },
    { url = "https://mirrors.cloud.tencent.com/pypi/packages/65/ca/2135ac97709b400c7654b4b764daf5c5567c2da45a30cdd20f9eefe2d658/charset_normalizer-3.4.3-cp313-cp313-macosx_10_13_universal2.whl", hash = "sha256:14c2a87c65b351109f6abfc424cab3927b3bdece6f706e4d12faaf3d52ee5efe" },
    { url = "https://mirrors.cloud.tencent.com/pypi/packages/71/11/98a04c3c97dd34e49c7d247083af03645ca3730809a5509443f3c37f7c99/charset_normalizer-3.4.3-cp313-cp313-manylinux2014_aarch64.manylinux_2_17_aarch64.manylinux_2_28_aarch64.whl", hash = "sha256:41d1fc408ff5fdfb910200ec0e74abc40387bccb3252f3f27c0676731df2b2c8" },
    { url = "https://mirrors.cloud.tencent.com/pypi/packages/60/f5/4659a4cb3c4ec146bec80c32d8bb16033752574c20b1252ee842a95d1a1e/charset_normalizer-3.4.3-cp313-cp313-manylinux2014_ppc64le.manylinux_2_17_ppc64le.manylinux_2_28_ppc64le.whl", hash = "sha256:1bb60174149316da1c35fa5233681f7c0f9f514509b8e399ab70fea5f17e45c9" },
    { url = "https://mirrors.cloud.tencent.com/pypi/packages/86/9e/f552f7a00611f168b9a5865a1414179b2c6de8235a4fa40189f6f79a1753/charset_normalizer-3.4.3-cp313-cp313-manylinux2014_s390x.manylinux_2_17_s390x.manylinux_2_28_s390x.whl", hash = "sha256:30d006f98569de3459c2fc1f2acde170b7b2bd265dc1943e87e1a4efe1b67c31" },
    { url = "https://mirrors.cloud.tencent.com/pypi/packages/7e/95/42aa2156235cbc8fa61208aded06ef46111c4d3f0de233107b3f38631803/charset_normalizer-3.4.3-cp313-cp313-manylinux2014_x86_64.manylinux_2_17_x86_64.manylinux_2_28_x86_64.whl", hash = "sha256:416175faf02e4b0810f1f38bcb54682878a4af94059a1cd63b8747244420801f" },
    { url = "https://mirrors.cloud.tencent.com/pypi/packages/c2/a9/3865b02c56f300a6f94fc631ef54f0a8a29da74fb45a773dfd3dcd380af7/charset_normalizer-3.4.3-cp313-cp313-musllinux_1_2_aarch64.whl", hash = "sha256:6aab0f181c486f973bc7262a97f5aca3ee7e1437011ef0c2ec04b5a11d16c927" },
    { url = "https://mirrors.cloud.tencent.com/pypi/packages/77/d9/cbcf1a2a5c7d7856f11e7ac2d782aec12bdfea60d104e60e0aa1c97849dc/charset_normalizer-3.4.3-cp313-cp313-musllinux_1_2_ppc64le.whl", hash = "sha256:fdabf8315679312cfa71302f9bd509ded4f2f263fb5b765cf1433b39106c3cc9" },
    { url = "https://mirrors.cloud.tencent.com/pypi/packages/f6/42/6f45efee8697b89fda4d50580f292b8f7f9306cb2971d4b53f8914e4d890/charset_normalizer-3.4.3-cp313-cp313-musllinux_1_2_s390x.whl", hash = "sha256:bd28b817ea8c70215401f657edef3a8aa83c29d447fb0b622c35403780ba11d5" },
    { url = "https://mirrors.cloud.tencent.com/pypi/packages/70/99/f1c3bdcfaa9c45b3ce96f70b14f070411366fa19549c1d4832c935d8e2c3/charset_normalizer-3.4.3-cp313-cp313-musllinux_1_2_x86_64.whl", hash = "sha256:18343b2d246dc6761a249ba1fb13f9ee9a2bcd95decc767319506056ea4ad4dc" },
    { url = "https://mirrors.cloud.tencent.com/pypi/packages/a3/ad/b0081f2f99a4b194bcbb1934ef3b12aa4d9702ced80a37026b7607c72e58/charset_normalizer-3.4.3-cp313-cp313-win32.whl", hash = "sha256:6fb70de56f1859a3f71261cbe41005f56a7842cc348d3aeb26237560bfa5e0ce" },
    { url = "https://mirrors.cloud.tencent.com/pypi/packages/9a/8f/ae790790c7b64f925e5c953b924aaa42a243fb778fed9e41f147b2a5715a/charset_normalizer-3.4.3-cp313-cp313-win_amd64.whl", hash = "sha256:cf1ebb7d78e1ad8ec2a8c4732c7be2e736f6e5123a4146c5b89c9d1f585f8cef" },
    { url = "https://mirrors.cloud.tencent.com/pypi/packages/8e/91/b5a06ad970ddc7a0e513112d40113e834638f4ca1120eb727a249fb2715e/charset_normalizer-3.4.3-cp314-cp314-macosx_10_13_universal2.whl", hash = "sha256:3cd35b7e8aedeb9e34c41385fda4f73ba609e561faedfae0a9e75e44ac558a15" },
    { url = "https://mirrors.cloud.tencent.com/pypi/packages/ce/ec/1edc30a377f0a02689342f214455c3f6c2fbedd896a1d2f856c002fc3062/charset_normalizer-3.4.3-cp314-cp314-manylinux2014_aarch64.manylinux_2_17_aarch64.manylinux_2_28_aarch64.whl", hash = "sha256:b89bc04de1d83006373429975f8ef9e7932534b8cc9ca582e4db7d20d91816db" },
    { url = "https://mirrors.cloud.tencent.com/pypi/packages/17/e5/5e67ab85e6d22b04641acb5399c8684f4d37caf7558a53859f0283a650e9/charset_normalizer-3.4.3-cp314-cp314-manylinux2014_ppc64le.manylinux_2_17_ppc64le.manylinux_2_28_ppc64le.whl", hash = "sha256:2001a39612b241dae17b4687898843f254f8748b796a2e16f1051a17078d991d" },
    { url = "https://mirrors.cloud.tencent.com/pypi/packages/f1/e5/38421987f6c697ee3722981289d554957c4be652f963d71c5e46a262e135/charset_normalizer-3.4.3-cp314-cp314-manylinux2014_s390x.manylinux_2_17_s390x.manylinux_2_28_s390x.whl", hash = "sha256:8dcfc373f888e4fb39a7bc57e93e3b845e7f462dacc008d9749568b1c4ece096" },
    { url = "https://mirrors.cloud.tencent.com/pypi/packages/a0/e4/5a075de8daa3ec0745a9a3b54467e0c2967daaaf2cec04c845f73493e9a1/charset_normalizer-3.4.3-cp314-cp314-manylinux2014_x86_64.manylinux_2_17_x86_64.manylinux_2_28_x86_64.whl", hash = "sha256:18b97b8404387b96cdbd30ad660f6407799126d26a39ca65729162fd810a99aa" },
    { url = "https://mirrors.cloud.tencent.com/pypi/packages/02/f7/3611b32318b30974131db62b4043f335861d4d9b49adc6d57c1149cc49d4/charset_normalizer-3.4.3-cp314-cp314-musllinux_1_2_aarch64.whl", hash = "sha256:ccf600859c183d70eb47e05a44cd80a4ce77394d1ac0f79dbd2dd90a69a3a049" },
    { url = "https://mirrors.cloud.tencent.com/pypi/packages/7e/61/19b36f4bd67f2793ab6a99b979b4e4f3d8fc754cbdffb805335df4337126/charset_normalizer-3.4.3-cp314-cp314-musllinux_1_2_ppc64le.whl", hash = "sha256:53cd68b185d98dde4ad8990e56a58dea83a4162161b1ea9272e5c9182ce415e0" },
    { url = "https://mirrors.cloud.tencent.com/pypi/packages/06/57/84722eefdd338c04cf3030ada66889298eaedf3e7a30a624201e0cbe424a/charset_normalizer-3.4.3-cp314-cp314-musllinux_1_2_s390x.whl", hash = "sha256:30a96e1e1f865f78b030d65241c1ee850cdf422d869e9028e2fc1d5e4db73b92" },
    { url = "https://mirrors.cloud.tencent.com/pypi/packages/72/2a/aff5dd112b2f14bcc3462c312dce5445806bfc8ab3a7328555da95330e4b/charset_normalizer-3.4.3-cp314-cp314-musllinux_1_2_x86_64.whl", hash = "sha256:d716a916938e03231e86e43782ca7878fb602a125a91e7acb8b5112e2e96ac16" },
    { url = "https://mirrors.cloud.tencent.com/pypi/packages/b7/8c/9839225320046ed279c6e839d51f028342eb77c91c89b8ef2549f951f3ec/charset_normalizer-3.4.3-cp314-cp314-win32.whl", hash = "sha256:c6dbd0ccdda3a2ba7c2ecd9d77b37f3b5831687d8dc1b6ca5f56a4880cc7b7ce" },
    { url = "https://mirrors.cloud.tencent.com/pypi/packages/ee/7a/36fbcf646e41f710ce0a563c1c9a343c6edf9be80786edeb15b6f62e17db/charset_normalizer-3.4.3-cp314-cp314-win_amd64.whl", hash = "sha256:73dc19b562516fc9bcf6e5d6e596df0b4eb98d87e4f79f3ae71840e6ed21361c" },
    { url = "https://mirrors.cloud.tencent.com/pypi/packages/8a/1f/f041989e93b001bc4e44bb1669ccdcf54d3f00e628229a85b08d330615c5/charset_normalizer-3.4.3-py3-none-any.whl", hash = "sha256:ce571ab16d890d23b5c278547ba694193a45011ff86a9162a71307ed9f86759a" },
]

[[package]]
name = "click"
version = "8.1.8"
source = { registry = "https://mirrors.cloud.tencent.com/pypi/simple/" }
dependencies = [
    { name = "colorama", marker = "sys_platform == 'win32'" },
]
sdist = { url = "https://mirrors.cloud.tencent.com/pypi/packages/b9/2e/0090cbf739cee7d23781ad4b89a9894a41538e4fcf4c31dcdd705b78eb8b/click-8.1.8.tar.gz", hash = "sha256:ed53c9d8990d83c2a27deae68e4ee337473f6330c040a31d4225c9574d16096a" }
wheels = [
    { url = "https://mirrors.cloud.tencent.com/pypi/packages/7e/d4/7ebdbd03970677812aac39c869717059dbb71a4cfc033ca6e5221787892c/click-8.1.8-py3-none-any.whl", hash = "sha256:63c132bbbed01578a06712a2d1f497bb62d9c1c0d329b7903a866228027263b2" },
]

[[package]]
name = "colorama"
version = "0.4.6"
source = { registry = "https://mirrors.cloud.tencent.com/pypi/simple/" }
sdist = { url = "https://mirrors.cloud.tencent.com/pypi/packages/d8/53/6f443c9a4a8358a93a6792e2acffb9d9d5cb0a5cfd8802644b7b1c9a02e4/colorama-0.4.6.tar.gz", hash = "sha256:08695f5cb7ed6e0531a20572697297273c47b8cae5a63ffc6d6ed5c201be6e44" }
wheels = [
    { url = "https://mirrors.cloud.tencent.com/pypi/packages/d1/d6/3965ed04c63042e047cb6a3e6ed1a63a35087b6a609aa3a15ed8ac56c221/colorama-0.4.6-py2.py3-none-any.whl", hash = "sha256:4f1d9991f5acc0ca119f9d443620b77f9d6b33703e51011c16baf57afb285fc6" },
]

[[package]]
name = "dnspython"
version = "2.7.0"
source = { registry = "https://mirrors.cloud.tencent.com/pypi/simple/" }
sdist = { url = "https://mirrors.cloud.tencent.com/pypi/packages/b5/4a/263763cb2ba3816dd94b08ad3a33d5fdae34ecb856678773cc40a3605829/dnspython-2.7.0.tar.gz", hash = "sha256:ce9c432eda0dc91cf618a5cedf1a4e142651196bbcd2c80e89ed5a907e5cfaf1" }
wheels = [
    { url = "https://mirrors.cloud.tencent.com/pypi/packages/68/1b/e0a87d256e40e8c888847551b20a017a6b98139178505dc7ffb96f04e954/dnspython-2.7.0-py3-none-any.whl", hash = "sha256:b4c34b7d10b51bcc3a5071e7b8dee77939f1e878477eeecc965e9835f63c6c86" },
]

[[package]]
name = "fastapi"
version = "0.115.11"
source = { registry = "https://mirrors.cloud.tencent.com/pypi/simple/" }
dependencies = [
    { name = "pydantic" },
    { name = "starlette" },
    { name = "typing-extensions" },
]
sdist = { url = "https://mirrors.cloud.tencent.com/pypi/packages/b5/28/c5d26e5860df807241909a961a37d45e10533acef95fc368066c7dd186cd/fastapi-0.115.11.tar.gz", hash = "sha256:cc81f03f688678b92600a65a5e618b93592c65005db37157147204d8924bf94f" }
wheels = [
    { url = "https://mirrors.cloud.tencent.com/pypi/packages/b3/5d/4d8bbb94f0dbc22732350c06965e40740f4a92ca560e90bb566f4f73af41/fastapi-0.115.11-py3-none-any.whl", hash = "sha256:32e1541b7b74602e4ef4a0260ecaf3aadf9d4f19590bba3e1bf2ac4666aa2c64" },
]

[[package]]
name = "h11"
version = "0.14.0"
source = { registry = "https://mirrors.cloud.tencent.com/pypi/simple/" }
sdist = { url = "https://mirrors.cloud.tencent.com/pypi/packages/f5/38/3af3d3633a34a3316095b39c8e8fb4853a28a536e55d347bd8d8e9a14b03/h11-0.14.0.tar.gz", hash = "sha256:8f19fbbe99e72420ff35c00b27a34cb9937e902a8b810e2c88300c6f0a3b699d" }
wheels = [
    { url = "https://mirrors.cloud.tencent.com/pypi/packages/95/04/ff642e65ad6b90db43e668d70ffb6736436c7ce41fcc549f4e9472234127/h11-0.14.0-py3-none-any.whl", hash = "sha256:e3fe4ac4b851c468cc8363d500db52c2ead036020723024a109d37346efaa761" },
]

[[package]]
name = "hello-middleware"
version = "0.1.0"
source = { virtual = "." }
dependencies = [
    { name = "fastapi" },
    { name = "loguru" },
    { name = "pulsar-client" },
    { name = "pymongo" },
    { name = "pyyaml" },
    { name = "redis" },
    { name = "requests" },
    { name = "uvicorn" },
]

[package.metadata]
requires-dist = [
    { name = "fastapi", specifier = ">=0.115.11" },
    { name = "loguru", specifier = ">=0.7.3" },
    { name = "pulsar-client", specifier = ">=3.6.1" },
    { name = "pymongo", specifier = ">=4.12.1" },
    { name = "pyyaml", specifier = ">=6.0.2" },
    { name = "redis", specifier = ">=5.2.1" },
    { name = "requests", specifier = ">=2.32.5" },
    { name = "uvicorn", specifier = ">=0.34.0" },
]

[[package]]
name = "idna"
version = "3.10"
source = { registry = "https://mirrors.cloud.tencent.com/pypi/simple/" }
sdist = { url = "https://mirrors.cloud.tencent.com/pypi/packages/f1/70/7703c29685631f5a7590aa73f1f1d3fa9a380e654b86af429e0934a32f7d/idna-3.10.tar.gz", hash = "sha256:12f65c9b470abda6dc35cf8e63cc574b1c52b11df2c86030af0ac09b01b13ea9" }
wheels = [
    { url = "https://mirrors.cloud.tencent.com/pypi/packages/76/c6/c88e154df9c4e1a2a66ccf0005a88dfb2650c1dffb6f5ce603dfbd452ce3/idna-3.10-py3-none-any.whl", hash = "sha256:946d195a0d259cbba61165e88e65941f16e9b36ea6ddb97f00452bae8b1287d3" },
]

[[package]]
name = "loguru"
version = "0.7.3"
source = { registry = "https://mirrors.cloud.tencent.com/pypi/simple/" }
dependencies = [
    { name = "colorama", marker = "sys_platform == 'win32'" },
    { name = "win32-setctime", marker = "sys_platform == 'win32'" },
]
sdist = { url = "https://mirrors.cloud.tencent.com/pypi/packages/3a/05/a1dae3dffd1116099471c643b8924f5aa6524411dc6c63fdae648c4f1aca/loguru-0.7.3.tar.gz", hash = "sha256:19480589e77d47b8d85b2c827ad95d49bf31b0dcde16593892eb51dd18706eb6" }
wheels = [
    { url = "https://mirrors.cloud.tencent.com/pypi/packages/0c/29/0348de65b8cc732daa3e33e67806420b2ae89bdce2b04af740289c5c6c8c/loguru-0.7.3-py3-none-any.whl", hash = "sha256:31a33c10c8e1e10422bfd431aeb5d351c7cf7fa671e3c4df004162264b28220c" },
]

[[package]]
name = "pulsar-client"
version = "3.6.1"
source = { registry = "https://mirrors.cloud.tencent.com/pypi/simple/" }
dependencies = [
    { name = "certifi" },
]
wheels = [
    { url = "https://mirrors.cloud.tencent.com/pypi/packages/e5/d7/266208001e0a1085aebd3a61e665995e205f6ae2ca36fb53f1656ef13b97/pulsar_client-3.6.1-cp312-cp312-macosx_13_0_universal2.whl", hash = "sha256:4c6679715bd8d4b40ae58de79fe01014b1346057d2d4de78aa445f2f4b88373a" },
    { url = "https://mirrors.cloud.tencent.com/pypi/packages/be/2c/0dca0878a39dbf3dd1e2ce5ca2c198fb61190b5419f5d4abf6e30eeac0a6/pulsar_client-3.6.1-cp312-cp312-manylinux_2_17_aarch64.manylinux2014_aarch64.whl", hash = "sha256:6631988fe32d595d4df84c00c9e436d0f6144d73bacafd039bfab492d94cca71" },
    { url = "https://mirrors.cloud.tencent.com/pypi/packages/5d/d2/b9b8e8987103d6afee5cafff790c9ca8b8b223ba342d582a7bdf1ecc88be/pulsar_client-3.6.1-cp312-cp312-manylinux_2_17_x86_64.manylinux2014_x86_64.whl", hash = "sha256:7b2fb7de8bdad1d1105f0784c866efc6da9bc8984f54b6c5bf6192dde1270263" },
    { url = "https://mirrors.cloud.tencent.com/pypi/packages/d8/07/855ab778820b3b91fb22b81adf38630ab82aa3a650e882f6e163955de9b5/pulsar_client-3.6.1-cp312-cp312-musllinux_1_1_aarch64.whl", hash = "sha256:09790b20a842a8ed4ce8e25ae534050519a82d5a4865b06eb995384c44d6d811" },
    { url = "https://mirrors.cloud.tencent.com/pypi/packages/8f/b8/fb41a4c67c7ead681dc402a884737b32cd18b6ea6a464f26a0f6ccb00885/pulsar_client-3.6.1-cp312-cp312-musllinux_1_1_x86_64.whl", hash = "sha256:bc07b1289b03eec7034ef48e4e1b24a4758a5f0406ab89f709723b1797169eeb" },
    { url = "https://mirrors.cloud.tencent.com/pypi/packages/35/56/a088ed4947aefff4ef55548da36af57baa518b211906634fc1288639ab0b/pulsar_client-3.6.1-cp312-cp312-win_amd64.whl", hash = "sha256:ccecfac2a2dc7687632fa39a2c4f9f9804fbfd22bd7291d8097c2ff225d4c635" },
    { url = "https://mirrors.cloud.tencent.com/pypi/packages/f5/a6/ac4c51a4e341c61b98f89950da7acd546c1c8b3f215c8bdc1933e2c1acc0/pulsar_client-3.6.1-cp313-cp313-macosx_13_0_universal2.whl", hash = "sha256:18f9b8ea01a79f72fa456d326afa7a8894c56298ca21baadd939b155dc35e639" },
    { url = "https://mirrors.cloud.tencent.com/pypi/packages/45/e3/1e624d2407b5eb979afed28d46abb85d596cd1bc06cde6f13a99ee48190a/pulsar_client-3.6.1-cp313-cp313-manylinux_2_17_aarch64.manylinux2014_aarch64.whl", hash = "sha256:56e63beac67ad2cf67eb8f88a3ffbafbd798895975678b8e16fb22092dc670a3" },
    { url = "https://mirrors.cloud.tencent.com/pypi/packages/51/70/da2ec3c6f3a245f9ff3598290c1d85feadd3b40c4e615a7f5524adf7fd7f/pulsar_client-3.6.1-cp313-cp313-manylinux_2_17_x86_64.manylinux2014_x86_64.whl", hash = "sha256:d50a6dff558b00dbb9ac859558ac6ac788d4410dc50e660d3dcbf3cf8acf98ef" },
    { url = "https://mirrors.cloud.tencent.com/pypi/packages/b3/e9/cea42774e830ab5f20d56feb51cbf8e6d6008fc188043b5ee4f50db17121/pulsar_client-3.6.1-cp313-cp313-musllinux_1_1_aarch64.whl", hash = "sha256:4c1aa7df4a1eacf49fa438b83f7999a49cd9cbc2f8768f70b6ba0da8ea6b022b" },
    { url = "https://mirrors.cloud.tencent.com/pypi/packages/7f/c2/f5841e72ef66511c1421b5fe189dad618c178c475f59ed342953f2a01b91/pulsar_client-3.6.1-cp313-cp313-musllinux_1_1_x86_64.whl", hash = "sha256:3fb09f9fb5510a6dc1b72831dbbf17a4298d8ec25af1f755cdaef3dba469e65d" },
    { url = "https://mirrors.cloud.tencent.com/pypi/packages/db/e6/9e4cac90b82c6d64ceffea949b7bcac1f512fbbe1976f14b99accef038aa/pulsar_client-3.6.1-cp313-cp313-win_amd64.whl", hash = "sha256:b080192d0d8075b7d010e32aed597e5dcdab6dbbe31662eccb980afe8cb250fb" },
]

[[package]]
name = "pydantic"
version = "2.10.6"
source = { registry = "https://mirrors.cloud.tencent.com/pypi/simple/" }
dependencies = [
    { name = "annotated-types" },
    { name = "pydantic-core" },
    { name = "typing-extensions" },
]
sdist = { url = "https://mirrors.cloud.tencent.com/pypi/packages/b7/ae/d5220c5c52b158b1de7ca89fc5edb72f304a70a4c540c84c8844bf4008de/pydantic-2.10.6.tar.gz", hash = "sha256:ca5daa827cce33de7a42be142548b0096bf05a7e7b365aebfa5f8eeec7128236" }
wheels = [
    { url = "https://mirrors.cloud.tencent.com/pypi/packages/f4/3c/8cc1cc84deffa6e25d2d0c688ebb80635dfdbf1dbea3e30c541c8cf4d860/pydantic-2.10.6-py3-none-any.whl", hash = "sha256:427d664bf0b8a2b34ff5dd0f5a18df00591adcee7198fbd71981054cef37b584" },
]

[[package]]
name = "pydantic-core"
version = "2.27.2"
source = { registry = "https://mirrors.cloud.tencent.com/pypi/simple/" }
dependencies = [
    { name = "typing-extensions" },
]
sdist = { url = "https://mirrors.cloud.tencent.com/pypi/packages/fc/01/f3e5ac5e7c25833db5eb555f7b7ab24cd6f8c322d3a3ad2d67a952dc0abc/pydantic_core-2.27.2.tar.gz", hash = "sha256:eb026e5a4c1fee05726072337ff51d1efb6f59090b7da90d30ea58625b1ffb39" }
wheels = [
    { url = "https://mirrors.cloud.tencent.com/pypi/packages/d6/74/51c8a5482ca447871c93e142d9d4a92ead74de6c8dc5e66733e22c9bba89/pydantic_core-2.27.2-cp312-cp312-macosx_10_12_x86_64.whl", hash = "sha256:9e0c8cfefa0ef83b4da9588448b6d8d2a2bf1a53c3f1ae5fca39eb3061e2f0b0" },
    { url = "https://mirrors.cloud.tencent.com/pypi/packages/d3/f3/c97e80721735868313c58b89d2de85fa80fe8dfeeed84dc51598b92a135e/pydantic_core-2.27.2-cp312-cp312-macosx_11_0_arm64.whl", hash = "sha256:83097677b8e3bd7eaa6775720ec8e0405f1575015a463285a92bfdfe254529ef" },
    { url = "https://mirrors.cloud.tencent.com/pypi/packages/9e/91/840ec1375e686dbae1bd80a9e46c26a1e0083e1186abc610efa3d9a36180/pydantic_core-2.27.2-cp312-cp312-manylinux_2_17_aarch64.manylinux2014_aarch64.whl", hash = "sha256:172fce187655fece0c90d90a678424b013f8fbb0ca8b036ac266749c09438cb7" },
    { url = "https://mirrors.cloud.tencent.com/pypi/packages/f6/31/4240bc96025035500c18adc149aa6ffdf1a0062a4b525c932065ceb4d868/pydantic_core-2.27.2-cp312-cp312-manylinux_2_17_armv7l.manylinux2014_armv7l.whl", hash = "sha256:519f29f5213271eeeeb3093f662ba2fd512b91c5f188f3bb7b27bc5973816934" },
    { url = "https://mirrors.cloud.tencent.com/pypi/packages/fa/20/02fbaadb7808be578317015c462655c317a77a7c8f0ef274bc016a784c54/pydantic_core-2.27.2-cp312-cp312-manylinux_2_17_ppc64le.manylinux2014_ppc64le.whl", hash = "sha256:05e3a55d124407fffba0dd6b0c0cd056d10e983ceb4e5dbd10dda135c31071d6" },
    { url = "https://mirrors.cloud.tencent.com/pypi/packages/06/86/7f306b904e6c9eccf0668248b3f272090e49c275bc488a7b88b0823444a4/pydantic_core-2.27.2-cp312-cp312-manylinux_2_17_s390x.manylinux2014_s390x.whl", hash = "sha256:9c3ed807c7b91de05e63930188f19e921d1fe90de6b4f5cd43ee7fcc3525cb8c" },
    { url = "https://mirrors.cloud.tencent.com/pypi/packages/8d/f0/49129b27c43396581a635d8710dae54a791b17dfc50c70164866bbf865e3/pydantic_core-2.27.2-cp312-cp312-manylinux_2_17_x86_64.manylinux2014_x86_64.whl", hash = "sha256:6fb4aadc0b9a0c063206846d603b92030eb6f03069151a625667f982887153e2" },
    { url = "https://mirrors.cloud.tencent.com/pypi/packages/0d/0f/943b4af7cd416c477fd40b187036c4f89b416a33d3cc0ab7b82708a667aa/pydantic_core-2.27.2-cp312-cp312-manylinux_2_5_i686.manylinux1_i686.whl", hash = "sha256:28ccb213807e037460326424ceb8b5245acb88f32f3d2777427476e1b32c48c4" },
    { url = "https://mirrors.cloud.tencent.com/pypi/packages/35/40/aea70b5b1a63911c53a4c8117c0a828d6790483f858041f47bab0b779f44/pydantic_core-2.27.2-cp312-cp312-musllinux_1_1_aarch64.whl", hash = "sha256:de3cd1899e2c279b140adde9357c4495ed9d47131b4a4eaff9052f23398076b3" },
    { url = "https://mirrors.cloud.tencent.com/pypi/packages/f2/b3/807b94fd337d58effc5498fd1a7a4d9d59af4133e83e32ae39a96fddec9d/pydantic_core-2.27.2-cp312-cp312-musllinux_1_1_armv7l.whl", hash = "sha256:220f892729375e2d736b97d0e51466252ad84c51857d4d15f5e9692f9ef12be4" },
    { url = "https://mirrors.cloud.tencent.com/pypi/packages/fc/df/791c827cd4ee6efd59248dca9369fb35e80a9484462c33c6649a8d02b565/pydantic_core-2.27.2-cp312-cp312-musllinux_1_1_x86_64.whl", hash = "sha256:a0fcd29cd6b4e74fe8ddd2c90330fd8edf2e30cb52acda47f06dd615ae72da57" },
    { url = "https://mirrors.cloud.tencent.com/pypi/packages/9b/67/4e197c300976af185b7cef4c02203e175fb127e414125916bf1128b639a9/pydantic_core-2.27.2-cp312-cp312-win32.whl", hash = "sha256:1e2cb691ed9834cd6a8be61228471d0a503731abfb42f82458ff27be7b2186fc" },
    { url = "https://mirrors.cloud.tencent.com/pypi/packages/1f/ea/cd7209a889163b8dcca139fe32b9687dd05249161a3edda62860430457a5/pydantic_core-2.27.2-cp312-cp312-win_amd64.whl", hash = "sha256:cc3f1a99a4f4f9dd1de4fe0312c114e740b5ddead65bb4102884b384c15d8bc9" },
    { url = "https://mirrors.cloud.tencent.com/pypi/packages/bc/49/c54baab2f4658c26ac633d798dab66b4c3a9bbf47cff5284e9c182f4137a/pydantic_core-2.27.2-cp312-cp312-win_arm64.whl", hash = "sha256:3911ac9284cd8a1792d3cb26a2da18f3ca26c6908cc434a18f730dc0db7bfa3b" },
    { url = "https://mirrors.cloud.tencent.com/pypi/packages/41/b1/9bc383f48f8002f99104e3acff6cba1231b29ef76cfa45d1506a5cad1f84/pydantic_core-2.27.2-cp313-cp313-macosx_10_12_x86_64.whl", hash = "sha256:7d14bd329640e63852364c306f4d23eb744e0f8193148d4044dd3dacdaacbd8b" },
    { url = "https://mirrors.cloud.tencent.com/pypi/packages/10/6c/e62b8657b834f3eb2961b49ec8e301eb99946245e70bf42c8817350cbefc/pydantic_core-2.27.2-cp313-cp313-macosx_11_0_arm64.whl", hash = "sha256:82f91663004eb8ed30ff478d77c4d1179b3563df6cdb15c0817cd1cdaf34d154" },
    { url = "https://mirrors.cloud.tencent.com/pypi/packages/ba/15/52cfe49c8c986e081b863b102d6b859d9defc63446b642ccbbb3742bf371/pydantic_core-2.27.2-cp313-cp313-manylinux_2_17_aarch64.manylinux2014_aarch64.whl", hash = "sha256:71b24c7d61131bb83df10cc7e687433609963a944ccf45190cfc21e0887b08c9" },
    { url = "https://mirrors.cloud.tencent.com/pypi/packages/b1/1c/b6f402cfc18ec0024120602bdbcebc7bdd5b856528c013bd4d13865ca473/pydantic_core-2.27.2-cp313-cp313-manylinux_2_17_armv7l.manylinux2014_armv7l.whl", hash = "sha256:fa8e459d4954f608fa26116118bb67f56b93b209c39b008277ace29937453dc9" },
    { url = "https://mirrors.cloud.tencent.com/pypi/packages/bd/7b/8cb75b66ac37bc2975a3b7de99f3c6f355fcc4d89820b61dffa8f1e81677/pydantic_core-2.27.2-cp313-cp313-manylinux_2_17_ppc64le.manylinux2014_ppc64le.whl", hash = "sha256:ce8918cbebc8da707ba805b7fd0b382816858728ae7fe19a942080c24e5b7cd1" },
    { url = "https://mirrors.cloud.tencent.com/pypi/packages/c8/f1/786d8fe78970a06f61df22cba58e365ce304bf9b9f46cc71c8c424e0c334/pydantic_core-2.27.2-cp313-cp313-manylinux_2_17_s390x.manylinux2014_s390x.whl", hash = "sha256:eda3f5c2a021bbc5d976107bb302e0131351c2ba54343f8a496dc8783d3d3a6a" },
    { url = "https://mirrors.cloud.tencent.com/pypi/packages/a6/74/d12b2cd841d8724dc8ffb13fc5cef86566a53ed358103150209ecd5d1999/pydantic_core-2.27.2-cp313-cp313-manylinux_2_17_x86_64.manylinux2014_x86_64.whl", hash = "sha256:bd8086fa684c4775c27f03f062cbb9eaa6e17f064307e86b21b9e0abc9c0f02e" },
    { url = "https://mirrors.cloud.tencent.com/pypi/packages/a0/6e/940bcd631bc4d9a06c9539b51f070b66e8f370ed0933f392db6ff350d873/pydantic_core-2.27.2-cp313-cp313-manylinux_2_5_i686.manylinux1_i686.whl", hash = "sha256:8d9b3388db186ba0c099a6d20f0604a44eabdeef1777ddd94786cdae158729e4" },
    { url = "https://mirrors.cloud.tencent.com/pypi/packages/50/cc/a46b34f1708d82498c227d5d80ce615b2dd502ddcfd8376fc14a36655af1/pydantic_core-2.27.2-cp313-cp313-musllinux_1_1_aarch64.whl", hash = "sha256:7a66efda2387de898c8f38c0cf7f14fca0b51a8ef0b24bfea5849f1b3c95af27" },
    { url = "https://mirrors.cloud.tencent.com/pypi/packages/ca/2d/c365cfa930ed23bc58c41463bae347d1005537dc8db79e998af8ba28d35e/pydantic_core-2.27.2-cp313-cp313-musllinux_1_1_armv7l.whl", hash = "sha256:18a101c168e4e092ab40dbc2503bdc0f62010e95d292b27827871dc85450d7ee" },
    { url = "https://mirrors.cloud.tencent.com/pypi/packages/f4/d7/eb64d015c350b7cdb371145b54d96c919d4db516817f31cd1c650cae3b21/pydantic_core-2.27.2-cp313-cp313-musllinux_1_1_x86_64.whl", hash = "sha256:ba5dd002f88b78a4215ed2f8ddbdf85e8513382820ba15ad5ad8955ce0ca19a1" },
    { url = "https://mirrors.cloud.tencent.com/pypi/packages/a4/99/bddde3ddde76c03b65dfd5a66ab436c4e58ffc42927d4ff1198ffbf96f5f/pydantic_core-2.27.2-cp313-cp313-win32.whl", hash = "sha256:1ebaf1d0481914d004a573394f4be3a7616334be70261007e47c2a6fe7e50130" },
    { url = "https://mirrors.cloud.tencent.com/pypi/packages/71/47/82b5e846e01b26ac6f1893d3c5f9f3a2eb6ba79be26eef0b759b4fe72946/pydantic_core-2.27.2-cp313-cp313-win_amd64.whl", hash = "sha256:953101387ecf2f5652883208769a79e48db18c6df442568a0b5ccd8c2723abee" },
    { url = "https://mirrors.cloud.tencent.com/pypi/packages/51/b2/b2b50d5ecf21acf870190ae5d093602d95f66c9c31f9d5de6062eb329ad1/pydantic_core-2.27.2-cp313-cp313-win_arm64.whl", hash = "sha256:ac4dbfd1691affb8f48c2c13241a2e3b60ff23247cbcf981759c768b6633cf8b" },
]

[[package]]
name = "pymongo"
version = "4.12.1"
source = { registry = "https://mirrors.cloud.tencent.com/pypi/simple/" }
dependencies = [
    { name = "dnspython" },
]
sdist = { url = "https://mirrors.cloud.tencent.com/pypi/packages/85/27/3634b2e8d88ad210ee6edac69259c698aefed4a79f0f7356cd625d5c423c/pymongo-4.12.1.tar.gz", hash = "sha256:8921bac7f98cccb593d76c4d8eaa1447e7d537ba9a2a202973e92372a05bd1eb" }
wheels = [
    { url = "https://mirrors.cloud.tencent.com/pypi/packages/59/dd/b684de28bfaf7e296538601c514d4613f98b77cfa1de323c7b160f4e04d0/pymongo-4.12.1-cp312-cp312-macosx_10_13_x86_64.whl", hash = "sha256:a7b771aa2f0854ddf7861e8ce2365f29df9159393543d047e43d8475bc4b8813" },
    { url = "https://mirrors.cloud.tencent.com/pypi/packages/e8/80/4fadd5400a4fbe57e7ea0349f132461d5dfc46c124937600f5044290d817/pymongo-4.12.1-cp312-cp312-macosx_11_0_arm64.whl", hash = "sha256:34fd8681b6fa6e1025dd1000004f6b81cbf1961f145b8c58bd15e3957976068d" },
    { url = "https://mirrors.cloud.tencent.com/pypi/packages/4e/83/303be22944312cc28e3a357556d21971c388189bf90aebc79e752afa2452/pymongo-4.12.1-cp312-cp312-manylinux_2_17_aarch64.manylinux2014_aarch64.whl", hash = "sha256:981e19b8f1040247dee5f7879e45f640f7e21a4d87eabb19283ce5a2927dd2e7" },
    { url = "https://mirrors.cloud.tencent.com/pypi/packages/a4/67/f4e8506caf001ab9464df2562e3e022b7324e7c10a979ce1b55b006f2445/pymongo-4.12.1-cp312-cp312-manylinux_2_17_ppc64le.manylinux2014_ppc64le.whl", hash = "sha256:c9a487dc1fe92736987a156325d3d9c66cbde6eac658b2875f5f222b6d82edca" },
    { url = "https://mirrors.cloud.tencent.com/pypi/packages/2e/7c/22d65c2a4e3e941b345b8cc164b3b53f2c1d0db581d4991817b6375ef507/pymongo-4.12.1-cp312-cp312-manylinux_2_17_s390x.manylinux2014_s390x.whl", hash = "sha256:1525051c13984365c4a9b88ee2d63009fae277921bc89a0d323b52c51f91cbac" },
    { url = "https://mirrors.cloud.tencent.com/pypi/packages/07/0d/32fd1ebafd0090510fb4820d175fe35d646e5b28c71ad9c36cb3ce554567/pymongo-4.12.1-cp312-cp312-manylinux_2_17_x86_64.manylinux2014_x86_64.whl", hash = "sha256:5ad689e0e4f364809084f9e5888b2dcd6f0431b682a1c68f3fdf241e20e14475" },
    { url = "https://mirrors.cloud.tencent.com/pypi/packages/e3/9c/d7a30ce6b983c3955c225e3038dafb4f299281775323f58b378f2a7e6e59/pymongo-4.12.1-cp312-cp312-manylinux_2_5_i686.manylinux1_i686.manylinux_2_17_i686.manylinux2014_i686.whl", hash = "sha256:8f9b18abca210c2917041ab2a380c12f6ddd2810844f1d64afb39caf8a15425e" },
    { url = "https://mirrors.cloud.tencent.com/pypi/packages/29/b3/7902d73df1d088ec0c60c19ef4bd7894c6e6e4dfbfd7ab4ae4fbedc9427c/pymongo-4.12.1-cp312-cp312-win32.whl", hash = "sha256:d9d90fec041c6d695a639c26ca83577aa74383f5e3744fd7931537b208d5a1b5" },
    { url = "https://mirrors.cloud.tencent.com/pypi/packages/8c/68/a17ff6472e6be12bae75f5d11db4e3dccc55e02dcd4e66cd87871790a20e/pymongo-4.12.1-cp312-cp312-win_amd64.whl", hash = "sha256:d004b13e4f03d73a3ad38505ba84b61a2c8ba0a304f02fe1b27bfc986c244192" },
    { url = "https://mirrors.cloud.tencent.com/pypi/packages/0c/4d/e6654f3ec6819980cbad77795ccf2275cd65d6df41375a22cdbbccef8416/pymongo-4.12.1-cp313-cp313-macosx_10_13_x86_64.whl", hash = "sha256:90de2b060d69c22658ada162a5380a0f88cb8c0149023241b9e379732bd36152" },
    { url = "https://mirrors.cloud.tencent.com/pypi/packages/54/95/627a047c32789544a938abfd9311c914e622cb036ad16866e7e1b9b80239/pymongo-4.12.1-cp313-cp313-macosx_11_0_arm64.whl", hash = "sha256:edf4e05331ac875d3b27b4654b74d81e44607af4aa7d6bcd4a31801ca164e6fd" },
    { url = "https://mirrors.cloud.tencent.com/pypi/packages/8f/6d/7a604e3ab5399f8fe1ca88abdbf7e54ceb6cf03e64f68b2ed192d9a5eaf5/pymongo-4.12.1-cp313-cp313-manylinux_2_17_aarch64.manylinux2014_aarch64.whl", hash = "sha256:fa7a817c9afb7b8775d98c469ddb3fe9c17daf53225394c1a74893cf45d3ade9" },
    { url = "https://mirrors.cloud.tencent.com/pypi/packages/d5/d5/269388e7b0d02d35f55440baf1e0120320b6db1b555eaed7117d04b35402/pymongo-4.12.1-cp313-cp313-manylinux_2_17_ppc64le.manylinux2014_ppc64le.whl", hash = "sha256:f9d142ca531694e9324b3c9ba86c0e905c5f857599c4018a386c4dc02ca490fa" },
    { url = "https://mirrors.cloud.tencent.com/pypi/packages/4b/d0/04a6b48d6ca3fc2ff156185a3580799a748cf713239d6181e91234a663d3/pymongo-4.12.1-cp313-cp313-manylinux_2_17_s390x.manylinux2014_s390x.whl", hash = "sha256:d5d4c0461f5cd84d9fe87d5a84b1bc16371c4dd64d56dcfe5e69b15c0545a5ac" },
    { url = "https://mirrors.cloud.tencent.com/pypi/packages/ad/65/0567052d52c0ac8aaa4baa700b39cdd1cf2481d2e59bd9817a3daf169ca0/pymongo-4.12.1-cp313-cp313-manylinux_2_17_x86_64.manylinux2014_x86_64.whl", hash = "sha256:43afd2f39182731ac9fb81bbc9439d539e4bd2eda72cdee829d2fa906a1c4d37" },
    { url = "https://mirrors.cloud.tencent.com/pypi/packages/c5/5b/db25747b288218dbdd97e9aeff6a3bfa3f872efb4ed06fa8bec67b2a121e/pymongo-4.12.1-cp313-cp313-manylinux_2_5_i686.manylinux1_i686.manylinux_2_17_i686.manylinux2014_i686.whl", hash = "sha256:827ac668c003da7b175b8e5f521850e2c182b4638a3dec96d97f0866d5508a1e" },
    { url = "https://mirrors.cloud.tencent.com/pypi/packages/fc/1e/6d0eb040c02ae655fafd63bd737e96d7e832eecfd0bd37074d0066f94a78/pymongo-4.12.1-cp313-cp313-win32.whl", hash = "sha256:7c2269b37f034124a245eaeb34ce031cee64610437bd597d4a883304babda3cd" },
    { url = "https://mirrors.cloud.tencent.com/pypi/packages/59/b9/459da646d9750529f04e7e686f0cd8dd40174138826574885da334c01b16/pymongo-4.12.1-cp313-cp313-win_amd64.whl", hash = "sha256:3b28ecd1305b89089be14f137ffbdf98a3b9f5c8dbbb2be4dec084f2813fbd5f" },
    { url = "https://mirrors.cloud.tencent.com/pypi/packages/c9/c3/75be116159f210811656ec615b2248f63f1bc9dd1ce641e18db2552160f0/pymongo-4.12.1-cp313-cp313t-macosx_10_13_x86_64.whl", hash = "sha256:f27b22a8215caff68bdf46b5b61ccd843a68334f2aa4658e8d5ecb5d3fbebb3b" },
    { url = "https://mirrors.cloud.tencent.com/pypi/packages/cd/d1/2e8e368cad1c126a68365a6f53feaade58f9a16bd5f7a69f218af119b0e9/pymongo-4.12.1-cp313-cp313t-macosx_11_0_arm64.whl", hash = "sha256:5e9d23a3c290cf7409515466a7f11069b70e38ea2b786bbd7437bdc766c9e176" },
    { url = "https://mirrors.cloud.tencent.com/pypi/packages/17/6e/a6460bc1e3d3f5f46cc151417427b2687a6f87972fd68a33961a37c114df/pymongo-4.12.1-cp313-cp313t-manylinux_2_17_aarch64.manylinux2014_aarch64.whl", hash = "sha256:efeb430f7ca8649a6544a50caefead343d1fd096d04b6b6a002c6ce81148a85c" },
    { url = "https://mirrors.cloud.tencent.com/pypi/packages/1a/e2/9e1d6f1a492bb02116074baa832716805a0552d757c176e7c5f40867ca80/pymongo-4.12.1-cp313-cp313t-manylinux_2_17_ppc64le.manylinux2014_ppc64le.whl", hash = "sha256:a34e4a08bbcff56fdee86846afbc9ce751de95706ca189463e01bf5de3dd9927" },
    { url = "https://mirrors.cloud.tencent.com/pypi/packages/fa/df/88143016eca77e79e38cf072476c70dd360962934430447dabc9c6bef6df/pymongo-4.12.1-cp313-cp313t-manylinux_2_17_s390x.manylinux2014_s390x.whl", hash = "sha256:b063344e0282537f05dbb11147591cbf58fc09211e24fc374749e343f880910a" },
    { url = "https://mirrors.cloud.tencent.com/pypi/packages/3c/0d/df2998959b52cd5682b11e6eee1b0e0c104c07abd99c9cde5a871bb299fd/pymongo-4.12.1-cp313-cp313t-manylinux_2_17_x86_64.manylinux2014_x86_64.whl", hash = "sha256:c3f7941e01b3e5d4bfb3b4711425e809df8c471b92d1da8d6fab92c7e334a4cb" },
    { url = "https://mirrors.cloud.tencent.com/pypi/packages/fb/3e/102636f5aaf97ccfa2a156c253a89f234856a0cd252fa602d4bf077ba3c0/pymongo-4.12.1-cp313-cp313t-manylinux_2_5_i686.manylinux1_i686.manylinux_2_17_i686.manylinux2014_i686.whl", hash = "sha256:b41235014031739f32be37ff13992f51091dae9a5189d3bcc22a5bf81fd90dae" },
    { url = "https://mirrors.cloud.tencent.com/pypi/packages/44/c9/1b534c9d8d91d9d98310f2d955c5331fb522bd2a0105bd1fc31771d53758/pymongo-4.12.1-cp313-cp313t-win32.whl", hash = "sha256:9a1f07fe83a8a34651257179bd38d0f87bd9d90577fcca23364145c5e8ba1bc0" },
    { url = "https://mirrors.cloud.tencent.com/pypi/packages/08/e2/7d3a30ac905c99ea93729e03d2bb3d16fec26a789e98407d61cb368ab4bb/pymongo-4.12.1-cp313-cp313t-win_amd64.whl", hash = "sha256:46d86cf91ee9609d0713242a1d99fa9e9c60b4315e1a067b9a9e769bedae629d" },
]

[[package]]
name = "pyyaml"
version = "6.0.2"
source = { registry = "https://mirrors.cloud.tencent.com/pypi/simple/" }
sdist = { url = "https://mirrors.cloud.tencent.com/pypi/packages/54/ed/79a089b6be93607fa5cdaedf301d7dfb23af5f25c398d5ead2525b063e17/pyyaml-6.0.2.tar.gz", hash = "sha256:d584d9ec91ad65861cc08d42e834324ef890a082e591037abe114850ff7bbc3e" }
wheels = [
    { url = "https://mirrors.cloud.tencent.com/pypi/packages/86/0c/c581167fc46d6d6d7ddcfb8c843a4de25bdd27e4466938109ca68492292c/PyYAML-6.0.2-cp312-cp312-macosx_10_9_x86_64.whl", hash = "sha256:c70c95198c015b85feafc136515252a261a84561b7b1d51e3384e0655ddf25ab" },
    { url = "https://mirrors.cloud.tencent.com/pypi/packages/a8/0c/38374f5bb272c051e2a69281d71cba6fdb983413e6758b84482905e29a5d/PyYAML-6.0.2-cp312-cp312-macosx_11_0_arm64.whl", hash = "sha256:ce826d6ef20b1bc864f0a68340c8b3287705cae2f8b4b1d932177dcc76721725" },
    { url = "https://mirrors.cloud.tencent.com/pypi/packages/c3/93/9916574aa8c00aa06bbac729972eb1071d002b8e158bd0e83a3b9a20a1f7/PyYAML-6.0.2-cp312-cp312-manylinux_2_17_aarch64.manylinux2014_aarch64.whl", hash = "sha256:1f71ea527786de97d1a0cc0eacd1defc0985dcf6b3f17bb77dcfc8c34bec4dc5" },
    { url = "https://mirrors.cloud.tencent.com/pypi/packages/95/0f/b8938f1cbd09739c6da569d172531567dbcc9789e0029aa070856f123984/PyYAML-6.0.2-cp312-cp312-manylinux_2_17_s390x.manylinux2014_s390x.whl", hash = "sha256:9b22676e8097e9e22e36d6b7bda33190d0d400f345f23d4065d48f4ca7ae0425" },
    { url = "https://mirrors.cloud.tencent.com/pypi/packages/b9/2b/614b4752f2e127db5cc206abc23a8c19678e92b23c3db30fc86ab731d3bd/PyYAML-6.0.2-cp312-cp312-manylinux_2_17_x86_64.manylinux2014_x86_64.whl", hash = "sha256:80bab7bfc629882493af4aa31a4cfa43a4c57c83813253626916b8c7ada83476" },
    { url = "https://mirrors.cloud.tencent.com/pypi/packages/d4/00/dd137d5bcc7efea1836d6264f049359861cf548469d18da90cd8216cf05f/PyYAML-6.0.2-cp312-cp312-musllinux_1_1_aarch64.whl", hash = "sha256:0833f8694549e586547b576dcfaba4a6b55b9e96098b36cdc7ebefe667dfed48" },
    { url = "https://mirrors.cloud.tencent.com/pypi/packages/c9/1f/4f998c900485e5c0ef43838363ba4a9723ac0ad73a9dc42068b12aaba4e4/PyYAML-6.0.2-cp312-cp312-musllinux_1_1_x86_64.whl", hash = "sha256:8b9c7197f7cb2738065c481a0461e50ad02f18c78cd75775628afb4d7137fb3b" },
    { url = "https://mirrors.cloud.tencent.com/pypi/packages/df/d1/f5a275fdb252768b7a11ec63585bc38d0e87c9e05668a139fea92b80634c/PyYAML-6.0.2-cp312-cp312-win32.whl", hash = "sha256:ef6107725bd54b262d6dedcc2af448a266975032bc85ef0172c5f059da6325b4" },
    { url = "https://mirrors.cloud.tencent.com/pypi/packages/0c/e8/4f648c598b17c3d06e8753d7d13d57542b30d56e6c2dedf9c331ae56312e/PyYAML-6.0.2-cp312-cp312-win_amd64.whl", hash = "sha256:7e7401d0de89a9a855c839bc697c079a4af81cf878373abd7dc625847d25cbd8" },
    { url = "https://mirrors.cloud.tencent.com/pypi/packages/ef/e3/3af305b830494fa85d95f6d95ef7fa73f2ee1cc8ef5b495c7c3269fb835f/PyYAML-6.0.2-cp313-cp313-macosx_10_13_x86_64.whl", hash = "sha256:efdca5630322a10774e8e98e1af481aad470dd62c3170801852d752aa7a783ba" },
    { url = "https://mirrors.cloud.tencent.com/pypi/packages/45/9f/3b1c20a0b7a3200524eb0076cc027a970d320bd3a6592873c85c92a08731/PyYAML-6.0.2-cp313-cp313-macosx_11_0_arm64.whl", hash = "sha256:50187695423ffe49e2deacb8cd10510bc361faac997de9efef88badc3bb9e2d1" },
    { url = "https://mirrors.cloud.tencent.com/pypi/packages/7c/9a/337322f27005c33bcb656c655fa78325b730324c78620e8328ae28b64d0c/PyYAML-6.0.2-cp313-cp313-manylinux_2_17_aarch64.manylinux2014_aarch64.whl", hash = "sha256:0ffe8360bab4910ef1b9e87fb812d8bc0a308b0d0eef8c8f44e0254ab3b07133" },
    { url = "https://mirrors.cloud.tencent.com/pypi/packages/a3/69/864fbe19e6c18ea3cc196cbe5d392175b4cf3d5d0ac1403ec3f2d237ebb5/PyYAML-6.0.2-cp313-cp313-manylinux_2_17_s390x.manylinux2014_s390x.whl", hash = "sha256:17e311b6c678207928d649faa7cb0d7b4c26a0ba73d41e99c4fff6b6c3276484" },
    { url = "https://mirrors.cloud.tencent.com/pypi/packages/04/24/b7721e4845c2f162d26f50521b825fb061bc0a5afcf9a386840f23ea19fa/PyYAML-6.0.2-cp313-cp313-manylinux_2_17_x86_64.manylinux2014_x86_64.whl", hash = "sha256:70b189594dbe54f75ab3a1acec5f1e3faa7e8cf2f1e08d9b561cb41b845f69d5" },
    { url = "https://mirrors.cloud.tencent.com/pypi/packages/2b/b2/e3234f59ba06559c6ff63c4e10baea10e5e7df868092bf9ab40e5b9c56b6/PyYAML-6.0.2-cp313-cp313-musllinux_1_1_aarch64.whl", hash = "sha256:41e4e3953a79407c794916fa277a82531dd93aad34e29c2a514c2c0c5fe971cc" },
    { url = "https://mirrors.cloud.tencent.com/pypi/packages/fe/0f/25911a9f080464c59fab9027482f822b86bf0608957a5fcc6eaac85aa515/PyYAML-6.0.2-cp313-cp313-musllinux_1_1_x86_64.whl", hash = "sha256:68ccc6023a3400877818152ad9a1033e3db8625d899c72eacb5a668902e4d652" },
    { url = "https://mirrors.cloud.tencent.com/pypi/packages/14/0d/e2c3b43bbce3cf6bd97c840b46088a3031085179e596d4929729d8d68270/PyYAML-6.0.2-cp313-cp313-win32.whl", hash = "sha256:bc2fa7c6b47d6bc618dd7fb02ef6fdedb1090ec036abab80d4681424b84c1183" },
    { url = "https://mirrors.cloud.tencent.com/pypi/packages/fa/de/02b54f42487e3d3c6efb3f89428677074ca7bf43aae402517bc7cca949f3/PyYAML-6.0.2-cp313-cp313-win_amd64.whl", hash = "sha256:8388ee1976c416731879ac16da0aff3f63b286ffdd57cdeb95f3f2e085687563" },
]

[[package]]
name = "redis"
version = "6.4.0"
source = { registry = "https://mirrors.cloud.tencent.com/pypi/simple/" }
sdist = { url = "https://mirrors.cloud.tencent.com/pypi/packages/0d/d6/e8b92798a5bd67d659d51a18170e91c16ac3b59738d91894651ee255ed49/redis-6.4.0.tar.gz", hash = "sha256:b01bc7282b8444e28ec36b261df5375183bb47a07eb9c603f284e89cbc5ef010" }
wheels = [
    { url = "https://mirrors.cloud.tencent.com/pypi/packages/e8/02/89e2ed7e85db6c93dfa9e8f691c5087df4e3551ab39081a4d7c6d1f90e05/redis-6.4.0-py3-none-any.whl", hash = "sha256:f0544fa9604264e9464cdf4814e7d4830f74b165d52f2a330a760a88dd248b7f" },
]

[[package]]
name = "requests"
version = "2.32.5"
source = { registry = "https://mirrors.cloud.tencent.com/pypi/simple/" }
dependencies = [
    { name = "certifi" },
    { name = "charset-normalizer" },
    { name = "idna" },
    { name = "urllib3" },
]
sdist = { url = "https://mirrors.cloud.tencent.com/pypi/packages/c9/74/b3ff8e6c8446842c3f5c837e9c3dfcfe2018ea6ecef224c710c85ef728f4/requests-2.32.5.tar.gz", hash = "sha256:dbba0bac56e100853db0ea71b82b4dfd5fe2bf6d3754a8893c3af500cec7d7cf" }
wheels = [
    { url = "https://mirrors.cloud.tencent.com/pypi/packages/1e/db/4254e3eabe8020b458f1a747140d32277ec7a271daf1d235b70dc0b4e6e3/requests-2.32.5-py3-none-any.whl", hash = "sha256:2462f94637a34fd532264295e186976db0f5d453d1cdd31473c85a6a161affb6" },
]

[[package]]
name = "sniffio"
version = "1.3.1"
source = { registry = "https://mirrors.cloud.tencent.com/pypi/simple/" }
sdist = { url = "https://mirrors.cloud.tencent.com/pypi/packages/a2/87/a6771e1546d97e7e041b6ae58d80074f81b7d5121207425c964ddf5cfdbd/sniffio-1.3.1.tar.gz", hash = "sha256:f4324edc670a0f49750a81b895f35c3adb843cca46f0530f79fc1babb23789dc" }
wheels = [
    { url = "https://mirrors.cloud.tencent.com/pypi/packages/e9/44/75a9c9421471a6c4805dbf2356f7c181a29c1879239abab1ea2cc8f38b40/sniffio-1.3.1-py3-none-any.whl", hash = "sha256:2f6da418d1f1e0fddd844478f41680e794e6051915791a034ff65e5f100525a2" },
]

[[package]]
name = "starlette"
version = "0.46.1"
source = { registry = "https://mirrors.cloud.tencent.com/pypi/simple/" }
dependencies = [
    { name = "anyio" },
]
sdist = { url = "https://mirrors.cloud.tencent.com/pypi/packages/04/1b/52b27f2e13ceedc79a908e29eac426a63465a1a01248e5f24aa36a62aeb3/starlette-0.46.1.tar.gz", hash = "sha256:3c88d58ee4bd1bb807c0d1acb381838afc7752f9ddaec81bbe4383611d833230" }
wheels = [
    { url = "https://mirrors.cloud.tencent.com/pypi/packages/a0/4b/528ccf7a982216885a1ff4908e886b8fb5f19862d1962f56a3fce2435a70/starlette-0.46.1-py3-none-any.whl", hash = "sha256:77c74ed9d2720138b25875133f3a2dae6d854af2ec37dceb56aef370c1d8a227" },
]

[[package]]
name = "typing-extensions"
version = "4.12.2"
source = { registry = "https://mirrors.cloud.tencent.com/pypi/simple/" }
sdist = { url = "https://mirrors.cloud.tencent.com/pypi/packages/df/db/f35a00659bc03fec321ba8bce9420de607a1d37f8342eee1863174c69557/typing_extensions-4.12.2.tar.gz", hash = "sha256:1a7ead55c7e559dd4dee8856e3a88b41225abfe1ce8df57b7c13915fe121ffb8" }
wheels = [
    { url = "https://mirrors.cloud.tencent.com/pypi/packages/26/9f/ad63fc0248c5379346306f8668cda6e2e2e9c95e01216d2b8ffd9ff037d0/typing_extensions-4.12.2-py3-none-any.whl", hash = "sha256:04e5ca0351e0f3f85c6853954072df659d0d13fac324d0072316b67d7794700d" },
]

[[package]]
name = "urllib3"
version = "2.5.0"
source = { registry = "https://mirrors.cloud.tencent.com/pypi/simple/" }
sdist = { url = "https://mirrors.cloud.tencent.com/pypi/packages/15/22/9ee70a2574a4f4599c47dd506532914ce044817c7752a79b6a51286319bc/urllib3-2.5.0.tar.gz", hash = "sha256:3fc47733c7e419d4bc3f6b3dc2b4f890bb743906a30d56ba4a5bfa4bbff92760" }
wheels = [
    { url = "https://mirrors.cloud.tencent.com/pypi/packages/a7/c2/fe1e52489ae3122415c51f387e221dd0773709bad6c6cdaa599e8a2c5185/urllib3-2.5.0-py3-none-any.whl", hash = "sha256:e6b01673c0fa6a13e374b50871808eb3bf7046c4b125b216f6bf1cc604cff0dc" },
]

[[package]]
name = "uvicorn"
version = "0.34.0"
source = { registry = "https://mirrors.cloud.tencent.com/pypi/simple/" }
dependencies = [
    { name = "click" },
    { name = "h11" },
]
sdist = { url = "https://mirrors.cloud.tencent.com/pypi/packages/4b/4d/938bd85e5bf2edeec766267a5015ad969730bb91e31b44021dfe8b22df6c/uvicorn-0.34.0.tar.gz", hash = "sha256:404051050cd7e905de2c9a7e61790943440b3416f49cb409f965d9dcd0fa73e9" }
wheels = [
    { url = "https://mirrors.cloud.tencent.com/pypi/packages/61/14/33a3a1352cfa71812a3a21e8c9bfb83f60b0011f5e36f2b1399d51928209/uvicorn-0.34.0-py3-none-any.whl", hash = "sha256:023dc038422502fa28a09c7a30bf2b6991512da7dcdb8fd35fe57cfc154126f4" },
]

[[package]]
name = "win32-setctime"
version = "1.2.0"
source = { registry = "https://mirrors.cloud.tencent.com/pypi/simple/" }
sdist = { url = "https://mirrors.cloud.tencent.com/pypi/packages/b3/8f/705086c9d734d3b663af0e9bb3d4de6578d08f46b1b101c2442fd9aecaa2/win32_setctime-1.2.0.tar.gz", hash = "sha256:ae1fdf948f5640aae05c511ade119313fb6a30d7eabe25fef9764dca5873c4c0" }
wheels = [
    { url = "https://mirrors.cloud.tencent.com/pypi/packages/e1/07/c6fe3ad3e685340704d314d765b7912993bcb8dc198f0e7a89382d37974b/win32_setctime-1.2.0-py3-none-any.whl", hash = "sha256:95d644c4e708aba81dc3704a116d8cbc974d70b3bdb8be1d150e36be6e9d1390" },
]
